{
  "name": "cszone38",
  "version": "0.1.0",
  "lockfileVersion": 3,
  "requires": true,
  "packages": {
    "": {
      "name": "cszone38",
      "version": "0.1.0",
      "license": "BUSL-1.1",
      "dependencies": {
        "@ast-grep/napi": "^0.25.7",
        "tree-sitter-c-sharp": "^0.23.5",
        "web-tree-sitter": "^0.26.8",
        "zone38": "^0.0.1"
      },
      "bin": {
        "cszone38": "bin/cszone38.js"
      },
      "engines": {
        "node": ">=18.0.0"
      }
    },
    "node_modules/@ast-grep/napi": {
      "version": "0.25.7",
      "resolved": "https://registry.npmjs.org/@ast-grep/napi/-/napi-0.25.7.tgz",
      "integrity": "sha512-kDw/JNyOLttVbm2hl+55C9lXuUcuIFt31LQIpSptUkyTgI+2Cdqdeah2bNPe4/GQM2ysDjBDS4y1+9iQxMdJiw==",
      "license": "MIT",
      "engines": {
        "node": ">= 10"
      },
      "optionalDependencies": {
        "@ast-grep/napi-darwin-arm64": "0.25.7",
        "@ast-grep/napi-darwin-x64": "0.25.7",
        "@ast-grep/napi-linux-arm64-gnu": "0.25.7",
        "@ast-grep/napi-linux-arm64-musl": "0.25.7",
        "@ast-grep/napi-linux-x64-gnu": "0.25.7",
        "@ast-grep/napi-linux-x64-musl": "0.25.7",
        "@ast-grep/napi-win32-arm64-msvc": "0.25.7",
        "@ast-grep/napi-win32-ia32-msvc": "0.25.7",
        "@ast-grep/napi-win32-x64-msvc": "0.25.7"
      }
    },
    "node_modules/@ast-grep/napi-darwin-arm64": {
      "version": "0.25.7",
      "resolved": "https://registry.npmjs.org/@ast-grep/napi-darwin-arm64/-/napi-darwin-arm64-0.25.7.tgz",
      "integrity": "sha512-qqI1JvB6ULgOUOVE3YviQNQ6KAYOnkiE8W5fNwVJGUgMkUuM8tUm1Nal3vfKCI7dnYgpcNlKxdTWGlbt7aHKNg==",
      "cpu": [
        "arm64"
      ],
      "license": "MIT",
      "optional": true,
      "os": [
        "darwin"
      ],
      "engines": {
        "node": ">= 10"
      }
    },
    "node_modules/@ast-grep/napi-darwin-x64": {
      "version": "0.25.7",
      "resolved": "https://registry.npmjs.org/@ast-grep/napi-darwin-x64/-/napi-darwin-x64-0.25.7.tgz",
      "integrity": "sha512-gq1Cf7US322ZJYPrVnAnn6eBLS6xi5catb5t99Wu6Rbm67XadEc81gtPTbPeNIu8FGgPjvKUc010rts2ZZbJeA==",
      "cpu": [
        "x64"
      ],
      "license": "MIT",
      "optional": true,
      "os": [
        "darwin"
      ],
      "engines": {
        "node": ">= 10"
      }
    },
    "node_modules/@ast-grep/napi-linux-arm64-gnu": {
      "version": "0.25.7",
      "resolved": "https://registry.npmjs.org/@ast-grep/napi-linux-arm64-gnu/-/napi-linux-arm64-gnu-0.25.7.tgz",
      "integrity": "sha512-q+BzEC7wB7pkK+pQKbn4TVJThrEtvxjObz0okscPtxTNYvSJGv9jr3Nde5SYjdkfk8Ab4NgDMshVjKWVz2TSbQ==",
      "cpu": [
        "arm64"
      ],
      "libc": [
        "glibc"
      ],
      "license": "MIT",
      "optional": true,
      "os": [
        "linux"
      ],
      "engines": {
        "node": ">= 10"
      }
    },
    "node_modules/@ast-grep/napi-linux-arm64-musl": {
      "version": "0.25.7",
      "resolved": "https://registry.npmjs.org/@ast-grep/napi-linux-arm64-musl/-/napi-linux-arm64-musl-0.25.7.tgz",
      "integrity": "sha512-SEqZ6y0UhzmvZS938jIgR04kgHAW70hJ8yF4x9AkcqEhbeyqgElxIE7ve50ukDzs70fAKccdV8zYmebYN/7iPg==",
      "cpu": [
        "arm64"
      ],
      "libc": [
        "musl"
      ],
      "license": "MIT",
      "optional": true,
      "os": [
        "linux"
      ],
      "engines": {
        "node": ">= 10"
      }
    },
    "node_modules/@ast-grep/napi-linux-x64-gnu": {
      "version": "0.25.7",
      "resolved": "https://registry.npmjs.org/@ast-grep/napi-linux-x64-gnu/-/napi-linux-x64-gnu-0.25.7.tgz",
      "integrity": "sha512-8YuE/zTywTBb/iTm601JXTdWV2Redy9L9ab27aRD0hwX8FLmKUy8gK0fSo3xx+FyvSET49xkoR9tYdNaG2Wrkw==",
      "cpu": [
        "x64"
      ],
      "libc": [
        "glibc"
      ],
      "license": "MIT",
      "optional": true,
      "os": [
        "linux"
      ],
      "engines": {
        "node": ">= 10"
      }
    },
    "node_modules/@ast-grep/napi-linux-x64-musl": {
      "version": "0.25.7",
      "resolved": "https://registry.npmjs.org/@ast-grep/napi-linux-x64-musl/-/napi-linux-x64-musl-0.25.7.tgz",
      "integrity": "sha512-sT3eslR50IU6lHfqvq/c7vpxksJiB3h1NjEy1LpG+CYPuoLsQaB8j9OQlX8TqgVlDty/d/13cSls1Y3n/pm9xw==",
      "cpu": [
        "x64"
      ],
      "libc": [
        "musl"
      ],
      "license": "MIT",
      "optional": true,
      "os": [
        "linux"
      ],
      "engines": {
        "node": ">= 10"
      }
    },
    "node_modules/@ast-grep/napi-win32-arm64-msvc": {
      "version": "0.25.7",
      "resolved": "https://registry.npmjs.org/@ast-grep/napi-win32-arm64-msvc/-/napi-win32-arm64-msvc-0.25.7.tgz",
      "integrity": "sha512-pDi9vyXzUbpiRwFTif6+R7ZIIVB1ZKcRUJLKSIPyYb39DcSX7aOuxQcSZderWnBrwPGxZKzdgztdQ16TuAz2IQ==",
      "cpu": [
        "arm64"
      ],
      "license": "MIT",
      "optional": true,
      "os": [
        "win32"
      ],
      "engines": {
        "node": ">= 10"
      }
    },
    "node_modules/@ast-grep/napi-win32-ia32-msvc": {
      "version": "0.25.7",
      "resolved": "https://registry.npmjs.org/@ast-grep/napi-win32-ia32-msvc/-/napi-win32-ia32-msvc-0.25.7.tgz",
      "integrity": "sha512-WFSNDMI5L9N9dK5zFQ6N900nhraOSYtKns/2p/EKZIKPBDXJSzzhT/jBakCSDix1GUs8K0XgkDoq2rXmuiBqXA==",
      "cpu": [
        "ia32"
      ],
      "license": "MIT",
      "optional": true,
      "os": [
        "win32"
      ],
      "engines": {
        "node": ">= 10"
      }
    },
    "node_modules/@ast-grep/napi-win32-x64-msvc": {
      "version": "0.25.7",
      "resolved": "https://registry.npmjs.org/@ast-grep/napi-win32-x64-msvc/-/napi-win32-x64-msvc-0.25.7.tgz",
      "integrity": "sha512-HlsoVwQ9XrgNZ0JAmXgV5t8Ltx9tGyWZNS2UMY/2cvNU/SG9EpJLm1Bu9Mlk5seiJLbl28QTTbhZdfPKBzGTVQ==",
      "cpu": [
        "x64"
      ],
      "license": "MIT",
      "optional": true,
      "os": [
        "win32"
      ],
      "engines": {
        "node": ">= 10"
      }
    },
    "node_modules/node-addon-api": {
      "version": "8.7.0",
      "resolved": "https://registry.npmjs.org/node-addon-api/-/node-addon-api-8.7.0.tgz",
      "integrity": "sha512-9MdFxmkKaOYVTV+XVRG8ArDwwQ77XIgIPyKASB1k3JPq3M8fGQQQE3YpMOrKm6g//Ktx8ivZr8xo1Qmtqub+GA==",
      "license": "MIT",
      "engines": {
        "node": "^18 || ^20 || >= 21"
      }
    },
    "node_modules/node-gyp-build": {
      "version": "4.8.4",
      "resolved": "https://registry.npmjs.org/node-gyp-build/-/node-gyp-build-4.8.4.tgz",
      "integrity": "sha512-LA4ZjwlnUblHVgq0oBF3Jl/6h/Nvs5fzBLwdEF4nuxnFdsfajde4WfxtJr3CaiH+F6ewcIB/q4jQ4UzPyid+CQ==",
      "license": "MIT",
      "bin": {
        "node-gyp-build": "bin.js",
        "node-gyp-build-optional": "optional.js",
        "node-gyp-build-test": "build-test.js"
      }
    },
    "node_modules/tree-sitter-c-sharp": {
      "version": "0.23.5",
      "resolved": "https://registry.npmjs.org/tree-sitter-c-sharp/-/tree-sitter-c-sharp-0.23.5.tgz",
      "integrity": "sha512-xJGOeXPMmld0nES5+080N/06yY6LQi+KWGWV4LfZaZe6srJPtUtfhIbRSN7EZN6IaauzW28v6W4QHFwmeUW6HQ==",
      "hasInstallScript": true,
      "license": "MIT",
      "dependencies": {
        "node-addon-api": "^8.2.2",
        "node-gyp-build": "^4.8.4"
      },
      "peerDependencies": {
        "tree-sitter": "^0.25.0"
      },
      "peerDependenciesMeta": {
        "tree-sitter": {
          "optional": true
        }
      }
    },
    "node_modules/web-tree-sitter": {
      "version": "0.26.8",
      "resolved": "https://registry.npmjs.org/web-tree-sitter/-/web-tree-sitter-0.26.8.tgz",
      "integrity": "sha512-4sUwi7ZyOrIk5KLgYLkc2A/F0LFMQnBhfb+2Cdl7ik4ePJ6JD+fk4ofI2sA5eGawBKBaK4Vntt7Ww5KcEsay4A==",
      "license": "MIT"
    },
    "node_modules/zone38": {
      "version": "0.0.1",
      "resolved": "https://registry.npmjs.org/zone38/-/zone38-0.0.1.tgz",
      "integrity": "sha512-fgEkF/uGRiq3uMXZMYnMpYmdgfAG3Y3+R6uBeo5xZPXMFNOZ5TFO955iusPWFTCnAgN2WgeOh2Hka09LuZt81g==",
      "license": "SEE LICENSE IN LICENSE",
      "bin": {
        "zone38": "bin/zone38.js"
      },
      "engines": {
        "node": ">=16.0.0"
      }
    }
  }
}
